
Microsoft Visual Studio Solution File, Format Version 12.00
# Visual Studio 15
VisualStudioVersion = 15.0.28307.2092
MinimumVisualStudioVersion = 10.0.40219.1
Project("{FAE04EC0-301F-11D3-BF4B-00C04F79EFBC}") = "Breshop", "Breshop\Breshop.csproj", "{5A0438E2-9AF9-470C-9AAB-61C992E8329C}"
EndProject
Global
	GlobalSection(SolutionConfigurationPlatforms) = preSolution
		Debug|Any CPU = Debug|Any CPU
		Release|Any CPU = Release|Any CPU
	EndGlobalSection
	GlobalSection(ProjectConfigurationPlatforms) = postSolution
		{5A0438E2-9AF9-470C-9AAB-61C992E8329C}.Debug|Any CPU.ActiveCfg = Debug|Any CPU
		{5A0438E2-9AF9-470C-9AAB-61C992E8329C}.Debug|Any CPU.Build.0 = Debug|Any CPU
		{5A0438E2-9AF9-470C-9AAB-61C992E8329C}.Release|Any CPU.ActiveCfg = Release|Any CPU
		{5A0438E2-9AF9-470C-9AAB-61C992E8329C}.Release|Any CPU.Build.0 = Release|Any CPU
	EndGlobalSection
	GlobalSection(SolutionProperties) = preSolution
		HideSolutionNode = FALSE
	EndGlobalSection
	GlobalSection(ExtensibilityGlobals) = postSolution
		SolutionGuid = {13F04C89-E036-481A-8E27-34FB65C36C25}
	EndGlobalSection
EndGlobal
